
Microsoft Visual Studio Solution File, Format Version 12.00
# Visual Studio Version 17
VisualStudioVersion = 17.1.32210.238
MinimumVisualStudioVersion = 10.0.40219.1
Project("{9A19103F-16F7-4668-BE54-9A1E7A4F7556}") = "PonudaFpis", "PonudaFpis\PonudaFpis.csproj", "{C377F81F-E776-41D5-B566-7E6658F7C6E8}"
EndProject
Project("{9A19103F-16F7-4668-BE54-9A1E7A4F7556}") = "Core", "Core\Core.csproj", "{4438E3ED-103F-4459-8E1D-149E6EC4E5A5}"
EndProject
Project("{9A19103F-16F7-4668-BE54-9A1E7A4F7556}") = "ApplicationLogic", "ApplicationLogic\ApplicationLogic.csproj", "{DE86439B-A8C2-4803-8905-B581D29AC495}"
EndProject
Project("{9A19103F-16F7-4668-BE54-9A1E7A4F7556}") = "Infrastructure", "Infrastructure\Infrastructure.csproj", "{6EA33046-8709-4C14-AF93-E0314E03844D}"
EndProject
Project("{9A19103F-16F7-4668-BE54-9A1E7A4F7556}") = "DataMigrations", "DataMigrations\DataMigrations.csproj", "{C5381F07-83F7-4075-A2E6-237CC611AEC1}"
EndProject
Project("{2150E333-8FDC-42A3-9474-1A3956D46DE8}") = "FrontEnd", "FrontEnd", "{BFD8817E-36B4-4A68-B037-0EC36C503CE8}"
EndProject
Project("{9A19103F-16F7-4668-BE54-9A1E7A4F7556}") = "PonudaBlazor", "PonudaBlazor\PonudaBlazor.csproj", "{37C40197-4267-4E60-AF98-84E76259E1FE}"
EndProject
Project("{9A19103F-16F7-4668-BE54-9A1E7A4F7556}") = "ViewModels", "ViewModels\ViewModels.csproj", "{ABAFB604-E4C5-4995-9C70-E6C30286DEC8}"
EndProject
Project("{9A19103F-16F7-4668-BE54-9A1E7A4F7556}") = "FrontEndDomain", "FrontEndDomain\FrontEndDomain.csproj", "{F29030CF-8190-4150-81BF-E84ABBDF5A32}"
EndProject
Project("{9A19103F-16F7-4668-BE54-9A1E7A4F7556}") = "InfrastructureFE", "InfrastructureFE\InfrastructureFE.csproj", "{7F22CFFC-D0B7-4AAD-857D-F47E82324693}"
EndProject
Global
	GlobalSection(SolutionConfigurationPlatforms) = preSolution
		Debug|Any CPU = Debug|Any CPU
		Release|Any CPU = Release|Any CPU
	EndGlobalSection
	GlobalSection(ProjectConfigurationPlatforms) = postSolution
		{C377F81F-E776-41D5-B566-7E6658F7C6E8}.Debug|Any CPU.ActiveCfg = Debug|Any CPU
		{C377F81F-E776-41D5-B566-7E6658F7C6E8}.Debug|Any CPU.Build.0 = Debug|Any CPU
		{C377F81F-E776-41D5-B566-7E6658F7C6E8}.Release|Any CPU.ActiveCfg = Release|Any CPU
		{C377F81F-E776-41D5-B566-7E6658F7C6E8}.Release|Any CPU.Build.0 = Release|Any CPU
		{4438E3ED-103F-4459-8E1D-149E6EC4E5A5}.Debug|Any CPU.ActiveCfg = Debug|Any CPU
		{4438E3ED-103F-4459-8E1D-149E6EC4E5A5}.Debug|Any CPU.Build.0 = Debug|Any CPU
		{4438E3ED-103F-4459-8E1D-149E6EC4E5A5}.Release|Any CPU.ActiveCfg = Release|Any CPU
		{4438E3ED-103F-4459-8E1D-149E6EC4E5A5}.Release|Any CPU.Build.0 = Release|Any CPU
		{DE86439B-A8C2-4803-8905-B581D29AC495}.Debug|Any CPU.ActiveCfg = Debug|Any CPU
		{DE86439B-A8C2-4803-8905-B581D29AC495}.Debug|Any CPU.Build.0 = Debug|Any CPU
		{DE86439B-A8C2-4803-8905-B581D29AC495}.Release|Any CPU.ActiveCfg = Release|Any CPU
		{DE86439B-A8C2-4803-8905-B581D29AC495}.Release|Any CPU.Build.0 = Release|Any CPU
		{6EA33046-8709-4C14-AF93-E0314E03844D}.Debug|Any CPU.ActiveCfg = Debug|Any CPU
		{6EA33046-8709-4C14-AF93-E0314E03844D}.Debug|Any CPU.Build.0 = Debug|Any CPU
		{6EA33046-8709-4C14-AF93-E0314E03844D}.Release|Any CPU.ActiveCfg = Release|Any CPU
		{6EA33046-8709-4C14-AF93-E0314E03844D}.Release|Any CPU.Build.0 = Release|Any CPU
		{C5381F07-83F7-4075-A2E6-237CC611AEC1}.Debug|Any CPU.ActiveCfg = Debug|Any CPU
		{C5381F07-83F7-4075-A2E6-237CC611AEC1}.Debug|Any CPU.Build.0 = Debug|Any CPU
		{C5381F07-83F7-4075-A2E6-237CC611AEC1}.Release|Any CPU.ActiveCfg = Release|Any CPU
		{C5381F07-83F7-4075-A2E6-237CC611AEC1}.Release|Any CPU.Build.0 = Release|Any CPU
		{37C40197-4267-4E60-AF98-84E76259E1FE}.Debug|Any CPU.ActiveCfg = Debug|Any CPU
		{37C40197-4267-4E60-AF98-84E76259E1FE}.Debug|Any CPU.Build.0 = Debug|Any CPU
		{37C40197-4267-4E60-AF98-84E76259E1FE}.Release|Any CPU.ActiveCfg = Release|Any CPU
		{37C40197-4267-4E60-AF98-84E76259E1FE}.Release|Any CPU.Build.0 = Release|Any CPU
		{ABAFB604-E4C5-4995-9C70-E6C30286DEC8}.Debug|Any CPU.ActiveCfg = Debug|Any CPU
		{ABAFB604-E4C5-4995-9C70-E6C30286DEC8}.Debug|Any CPU.Build.0 = Debug|Any CPU
		{ABAFB604-E4C5-4995-9C70-E6C30286DEC8}.Release|Any CPU.ActiveCfg = Release|Any CPU
		{ABAFB604-E4C5-4995-9C70-E6C30286DEC8}.Release|Any CPU.Build.0 = Release|Any CPU
		{F29030CF-8190-4150-81BF-E84ABBDF5A32}.Debug|Any CPU.ActiveCfg = Debug|Any CPU
		{F29030CF-8190-4150-81BF-E84ABBDF5A32}.Debug|Any CPU.Build.0 = Debug|Any CPU
		{F29030CF-8190-4150-81BF-E84ABBDF5A32}.Release|Any CPU.ActiveCfg = Release|Any CPU
		{F29030CF-8190-4150-81BF-E84ABBDF5A32}.Release|Any CPU.Build.0 = Release|Any CPU
		{7F22CFFC-D0B7-4AAD-857D-F47E82324693}.Debug|Any CPU.ActiveCfg = Debug|Any CPU
		{7F22CFFC-D0B7-4AAD-857D-F47E82324693}.Debug|Any CPU.Build.0 = Debug|Any CPU
		{7F22CFFC-D0B7-4AAD-857D-F47E82324693}.Release|Any CPU.ActiveCfg = Release|Any CPU
		{7F22CFFC-D0B7-4AAD-857D-F47E82324693}.Release|Any CPU.Build.0 = Release|Any CPU
	EndGlobalSection
	GlobalSection(SolutionProperties) = preSolution
		HideSolutionNode = FALSE
	EndGlobalSection
	GlobalSection(NestedProjects) = preSolution
		{37C40197-4267-4E60-AF98-84E76259E1FE} = {BFD8817E-36B4-4A68-B037-0EC36C503CE8}
		{ABAFB604-E4C5-4995-9C70-E6C30286DEC8} = {BFD8817E-36B4-4A68-B037-0EC36C503CE8}
		{F29030CF-8190-4150-81BF-E84ABBDF5A32} = {BFD8817E-36B4-4A68-B037-0EC36C503CE8}
		{7F22CFFC-D0B7-4AAD-857D-F47E82324693} = {BFD8817E-36B4-4A68-B037-0EC36C503CE8}
	EndGlobalSection
	GlobalSection(ExtensibilityGlobals) = postSolution
		SolutionGuid = {D96790F6-0798-45FE-972E-5A6CB8C499AC}
	EndGlobalSection
EndGlobal
